
Microsoft Visual Studio Solution File, Format Version 12.00
# Visual Studio Version 16
VisualStudioVersion = 16.0.31911.196
MinimumVisualStudioVersion = 10.0.40219.1
Project("{8BC9CEB8-8B4A-11D0-8D11-00A0C91BC942}") = "MiddlemanServer", "MiddlemanServer\MiddlemanServer.vcxproj", "{7616AE5E-962F-4C81-888A-8F70BF8817CB}"
EndProject
Global
	GlobalSection(SolutionConfigurationPlatforms) = preSolution
		Debug|x64 = Debug|x64
		Debug|x86 = Debug|x86
		Release|x64 = Release|x64
		Release|x86 = Release|x86
	EndGlobalSection
	GlobalSection(ProjectConfigurationPlatforms) = postSolution
		{7616AE5E-962F-4C81-888A-8F70BF8817CB}.Debug|x64.ActiveCfg = Debug|x64
		{7616AE5E-962F-4C81-888A-8F70BF8817CB}.Debug|x64.Build.0 = Debug|x64
		{7616AE5E-962F-4C81-888A-8F70BF8817CB}.Debug|x86.ActiveCfg = Debug|Win32
		{7616AE5E-962F-4C81-888A-8F70BF8817CB}.Debug|x86.Build.0 = Debug|Win32
		{7616AE5E-962F-4C81-888A-8F70BF8817CB}.Release|x64.ActiveCfg = Release|x64
		{7616AE5E-962F-4C81-888A-8F70BF8817CB}.Release|x64.Build.0 = Release|x64
		{7616AE5E-962F-4C81-888A-8F70BF8817CB}.Release|x86.ActiveCfg = Release|Win32
		{7616AE5E-962F-4C81-888A-8F70BF8817CB}.Release|x86.Build.0 = Release|Win32
	EndGlobalSection
	GlobalSection(SolutionProperties) = preSolution
		HideSolutionNode = FALSE
	EndGlobalSection
	GlobalSection(ExtensibilityGlobals) = postSolution
		SolutionGuid = {E8DA2B24-6197-46C7-BC8C-D3D44A327BF9}
	EndGlobalSection
EndGlobal
